<?xml version="1.0" encoding="utf-8"?>
<Project ToolsVersion="4.0" xmlns="http://schemas.microsoft.com/developer/msbuild/2003">
  <ItemGroup>
    <Filter Include="Source Files">
      <UniqueIdentifier>{4FC737F1-C7A5-4376-A066-2A32D752A2FF}</UniqueIdentifier>
      <Extensions>cpp;c;cc;cxx;c++;cppm;ixx;def;odl;idl;hpj;bat;asm;asmx</Extensions>
    </Filter>
    <Filter Include="Header Files">
      <UniqueIdentifier>{93995380-89BD-4b04-88EB-625FBE52EBFB}</UniqueIdentifier>
      <Extensions>h;hh;hpp;hxx;h++;hm;inl;inc;ipp;xsd</Extensions>
    </Filter>
    <Filter Include="Resource Files">
      <UniqueIdentifier>{67DA6AB6-F800-4c08-8B7A-83BB121AAD01}</UniqueIdentifier>
      <Extensions>rc;ico;cur;bmp;dlg;rc2;rct;bin;rgs;gif;jpg;jpeg;jpe;resx;tiff;tif;png;wav;mfcribbon-ms</Extensions>
    </Filter>
  </ItemGroup>
  <ItemGroup>
    <ClCompile Include="src\Main.cpp">
      <Filter>Source Files</Filter>
    </ClCompile>
    <ClCompile Include="src\BasicModules\Game.cpp">
      <Filter>Source Files</Filter>
    </ClCompile>
    <ClCompile Include="src\Scenes\GameScene.cpp">
      <Filter>Source Files</Filter>
    </ClCompile>
    <ClCompile Include="src\BasicModules\StateMachine\StateMachine.cpp">
      <Filter>Source Files</Filter>
    </ClCompile>
    <ClCompile Include="src\BasicModules\ECS\EntityManager.cpp">
      <Filter>Source Files</Filter>
    </ClCompile>
    <ClCompile Include="src\BasicModules\ECS\EntityMap.cpp">
      <Filter>Source Files</Filter>
    </ClCompile>
    <ClCompile Include="src\BasicModules\ECS\World.cpp">
      <Filter>Source Files</Filter>
    </ClCompile>
    <ClCompile Include="src\BasicModules\Tools\ResourceManager.cpp">
      <Filter>Source Files</Filter>
    </ClCompile>
    <ClCompile Include="src\BasicModules\ECS\System.cpp">
      <Filter>Source Files</Filter>
    </ClCompile>
    <ClCompile Include="src\BasicModules\Tools\Random.cpp">
      <Filter>Source Files</Filter>
    </ClCompile>
    <ClCompile Include="src\BasicModules\Animation\Components\Animator.cpp">
      <Filter>Source Files</Filter>
    </ClCompile>
    <ClCompile Include="src\BasicModules\Physics\CollisionDetectionAlgorithms.cpp">
      <Filter>Source Files</Filter>
    </ClCompile>
    <ClCompile Include="src\BasicModules\Rendering\Other\Line.cpp">
      <Filter>Source Files</Filter>
    </ClCompile>
    <ClCompile Include="src\BasicModules\Maths\Maths.cpp">
      <Filter>Source Files</Filter>
    </ClCompile>
    <ClCompile Include="src\BasicModules\Physics\Colliders\PolygonCollider.cpp">
      <Filter>Source Files</Filter>
    </ClCompile>
    <ClCompile Include="src\BasicModules\Physics\Colliders\PlaneCollider.cpp">
      <Filter>Source Files</Filter>
    </ClCompile>
    <ClCompile Include="src\BasicModules\Physics\Colliders\RectangleCollider.cpp">
      <Filter>Source Files</Filter>
    </ClCompile>
    <ClCompile Include="src\BasicModules\Rendering\Shapes\CircleShape.cpp">
      <Filter>Source Files</Filter>
    </ClCompile>
    <ClCompile Include="src\BasicModules\Rendering\Shapes\BoxShape.cpp">
      <Filter>Source Files</Filter>
    </ClCompile>
    <ClCompile Include="src\BasicModules\Rendering\Shapes\LineShape.cpp">
      <Filter>Source Files</Filter>
    </ClCompile>
    <ClCompile Include="src\BasicModules\Rendering\Shapes\PolygonShape.cpp">
      <Filter>Source Files</Filter>
    </ClCompile>
    <ClCompile Include="src\BasicModules\Rendering\VisualGizmos.cpp">
      <Filter>Source Files</Filter>
    </ClCompile>
  </ItemGroup>
  <ItemGroup>
    <ClInclude Include="src\BasicModules\Game.h">
      <Filter>Header Files</Filter>
    </ClInclude>
    <ClInclude Include="src\BasicModules\StateMachine\State.h">
      <Filter>Header Files</Filter>
    </ClInclude>
    <ClInclude Include="src\BasicModules\StateMachine\StateMachine.h">
      <Filter>Header Files</Filter>
    </ClInclude>
    <ClInclude Include="src\Scenes\GameScene.h">
      <Filter>Header Files</Filter>
    </ClInclude>
    <ClInclude Include="src\BasicModules\Scene.h">
      <Filter>Header Files</Filter>
    </ClInclude>
    <ClInclude Include="src\BasicModules\ECS\ECSModules.h">
      <Filter>Header Files</Filter>
    </ClInclude>
    <ClInclude Include="src\BasicModules\ECS\EntityManager.h">
      <Filter>Header Files</Filter>
    </ClInclude>
    <ClInclude Include="src\BasicModules\ECS\ComponentManager.h">
      <Filter>Header Files</Filter>
    </ClInclude>
    <ClInclude Include="src\BasicModules\ECS\ComponentArray.h">
      <Filter>Header Files</Filter>
    </ClInclude>
    <ClInclude Include="src\BasicModules\ECS\EntityMap.h">
      <Filter>Header Files</Filter>
    </ClInclude>
    <ClInclude Include="src\BasicModules\ECS\World.h">
      <Filter>Header Files</Filter>
    </ClInclude>
    <ClInclude Include="src\BasicModules\ECS\System.h">
      <Filter>Header Files</Filter>
    </ClInclude>
    <ClInclude Include="src\BasicModules\ECS\GameObject.h">
      <Filter>Header Files</Filter>
    </ClInclude>
    <ClInclude Include="src\BasicModules\ECS.h">
      <Filter>Header Files</Filter>
    </ClInclude>
    <ClInclude Include="src\BasicModules\Rendering\Shapes\CircleShape.h">
      <Filter>Header Files</Filter>
    </ClInclude>
    <ClInclude Include="src\BasicModules\Transform.h">
      <Filter>Header Files</Filter>
    </ClInclude>
    <ClInclude Include="src\BasicModules\Physics\Components\RigidBody.h">
      <Filter>Header Files</Filter>
    </ClInclude>
    <ClInclude Include="src\BasicModules\Physics\Components\Collider.h">
      <Filter>Header Files</Filter>
    </ClInclude>
    <ClInclude Include="src\BasicModules\Rendering\Components\Sprite.h">
      <Filter>Header Files</Filter>
    </ClInclude>
    <ClInclude Include="src\BasicModules\Tools\ResourceManager.h">
      <Filter>Header Files</Filter>
    </ClInclude>
    <ClInclude Include="src\BasicModules\Rendering\Systems\ShapeRendererSystem.h">
      <Filter>Header Files</Filter>
    </ClInclude>
    <ClInclude Include="src\BasicModules\Components.h">
      <Filter>Header Files</Filter>
    </ClInclude>
    <ClInclude Include="src\BasicModules\Systems.h">
      <Filter>Header Files</Filter>
    </ClInclude>
    <ClInclude Include="src\BasicModules\EventSystem\Event.h">
      <Filter>Header Files</Filter>
    </ClInclude>
    <ClInclude Include="src\BasicModules\EventSystem\EventBus.h">
      <Filter>Header Files</Filter>
    </ClInclude>
    <ClInclude Include="src\BasicModules\EventSystem\Listeners.h">
      <Filter>Header Files</Filter>
    </ClInclude>
    <ClInclude Include="src\BasicModules\Tools\Random.h">
      <Filter>Header Files</Filter>
    </ClInclude>
    <ClInclude Include="src\BasicModules\Animation\Animation.h">
      <Filter>Header Files</Filter>
    </ClInclude>
    <ClInclude Include="src\BasicModules\Animation\Components\Animator.h">
      <Filter>Header Files</Filter>
    </ClInclude>
    <ClInclude Include="src\BasicModules\Animation\Systems\AnimatorSystem.h">
      <Filter>Header Files</Filter>
    </ClInclude>
    <ClInclude Include="src\BasicModules\Physics\Systems\PhysicsSystem.h">
      <Filter>Header Files</Filter>
    </ClInclude>
    <ClInclude Include="src\BasicModules\Physics\Systems\CollisionSystem.h">
      <Filter>Header Files</Filter>
    </ClInclude>
    <ClInclude Include="src\BasicModules\Physics\Colliders\CircleCollider.h">
      <Filter>Header Files</Filter>
    </ClInclude>
    <ClInclude Include="src\BasicModules\Physics\Colliders\PlaneCollider.h">
      <Filter>Header Files</Filter>
    </ClInclude>
    <ClInclude Include="src\BasicModules\Physics\CollisionDetectionAlgorithms.h">
      <Filter>Header Files</Filter>
    </ClInclude>
    <ClInclude Include="src\BasicModules\Rendering\Other\Line.h">
      <Filter>Header Files</Filter>
    </ClInclude>
    <ClInclude Include="src\BasicModules\Tools\Timer.h">
      <Filter>Header Files</Filter>
    </ClInclude>
    <ClInclude Include="src\BasicModules\Physics\Colliders\ColliderItem.h">
      <Filter>Header Files</Filter>
    </ClInclude>
    <ClInclude Include="src\BasicModules\Physics\Solvers\Solver.h">
      <Filter>Header Files</Filter>
    </ClInclude>
    <ClInclude Include="src\BasicModules\Physics\Solvers\PositionSolver.h">
      <Filter>Header Files</Filter>
    </ClInclude>
    <ClInclude Include="src\BasicModules\Physics\Solvers\ImpulseSolver.h">
      <Filter>Header Files</Filter>
    </ClInclude>
    <ClInclude Include="src\ExternalComponents\GrabbableElement.h">
      <Filter>Header Files</Filter>
    </ClInclude>
    <ClInclude Include="src\BasicModules\Maths\Maths.h">
      <Filter>Header Files</Filter>
    </ClInclude>
    <ClInclude Include="src\BasicModules\Physics\Colliders\PolygonCollider.h">
      <Filter>Header Files</Filter>
    </ClInclude>
    <ClInclude Include="src\BasicModules\Physics\Colliders\RectangleCollider.h">
      <Filter>Header Files</Filter>
    </ClInclude>
    <ClInclude Include="src\BasicModules\Rendering\Shapes\ShapeDrawing.h">
      <Filter>Header Files</Filter>
    </ClInclude>
    <ClInclude Include="src\BasicModules\Rendering\Components\Shape.h">
      <Filter>Header Files</Filter>
    </ClInclude>
    <ClInclude Include="src\BasicModules\Rendering\Shapes\BoxShape.h">
      <Filter>Header Files</Filter>
    </ClInclude>
    <ClInclude Include="src\BasicModules\Rendering\Shapes\LineShape.h">
      <Filter>Header Files</Filter>
    </ClInclude>
    <ClInclude Include="src\BasicModules\Rendering\Shapes\PolygonShape.h">
      <Filter>Header Files</Filter>
    </ClInclude>
    <ClInclude Include="src\ExternalSystems\GrabbableElementsSystem.h">
      <Filter>Header Files</Filter>
    </ClInclude>
    <ClInclude Include="src\ExternalSystems\InputSystem.h">
      <Filter>Header Files</Filter>
    </ClInclude>
    <ClInclude Include="src\ExternalSystems\SpawnSystem.h">
      <Filter>Header Files</Filter>
    </ClInclude>
    <ClInclude Include="src\BasicModules\Rendering\VisualGizmos.h">
      <Filter>Header Files</Filter>
    </ClInclude>
  </ItemGroup>
</Project>